{
    "_meta": {
        "hash": {
            "sha256": "e5cf1687a860ec99f173f3d6bc14dc3c2c007193da5182fce03a62739dd173fd"
        },
        "pipfile-spec": 6,
        "requires": {
            "python_version": "3.7"
        },
        "sources": [
            {
                "name": "pypi",
                "url": "https://pypi.org/simple",
                "verify_ssl": true
            }
        ]
    },
    "default": {
        "names": {
            "hashes": [
                "sha256:726e46254f2ed03f1ffb5d941dae3bc67c35123941c29becd02d48d0caa2a671"
            ],
            "index": "pypi",
            "version": "==0.3.0"
        }
    },
    "develop": {}
}
